
Microsoft Visual Studio Solution File, Format Version 12.00
# Visual Studio Version 17
VisualStudioVersion = 17.1.32414.318
MinimumVisualStudioVersion = 10.0.40219.1
Project("{FAE04EC0-301F-11D3-BF4B-00C04F79EFBC}") = "WebDriverHWTest", "WebDriverHWTest\WebDriverHWTest.csproj", "{E7CEB7BB-7620-4E40-81BF-42AA010C567B}"
EndProject
Global
	GlobalSection(SolutionConfigurationPlatforms) = preSolution
		Debug|Any CPU = Debug|Any CPU
		Release|Any CPU = Release|Any CPU
	EndGlobalSection
	GlobalSection(ProjectConfigurationPlatforms) = postSolution
		{E7CEB7BB-7620-4E40-81BF-42AA010C567B}.Debug|Any CPU.ActiveCfg = Debug|Any CPU
		{E7CEB7BB-7620-4E40-81BF-42AA010C567B}.Debug|Any CPU.Build.0 = Debug|Any CPU
		{E7CEB7BB-7620-4E40-81BF-42AA010C567B}.Release|Any CPU.ActiveCfg = Release|Any CPU
		{E7CEB7BB-7620-4E40-81BF-42AA010C567B}.Release|Any CPU.Build.0 = Release|Any CPU
	EndGlobalSection
	GlobalSection(SolutionProperties) = preSolution
		HideSolutionNode = FALSE
	EndGlobalSection
	GlobalSection(ExtensibilityGlobals) = postSolution
		SolutionGuid = {B29FA088-7325-41C4-B408-FB65ACE6A133}
	EndGlobalSection
EndGlobal
